
Microsoft Visual Studio Solution File, Format Version 12.00
# Visual Studio 15
VisualStudioVersion = 15.0.27428.2005
MinimumVisualStudioVersion = 10.0.40219.1
Project("{FAE04EC0-301F-11D3-BF4B-00C04F79EFBC}") = "WarView", "WarView\WarView.csproj", "{2EE3D920-DAF1-4EA2-A83A-168EEFCB807B}"
EndProject
Global
	GlobalSection(SolutionConfigurationPlatforms) = preSolution
		Debug|Any CPU = Debug|Any CPU
		Release|Any CPU = Release|Any CPU
	EndGlobalSection
	GlobalSection(ProjectConfigurationPlatforms) = postSolution
		{2EE3D920-DAF1-4EA2-A83A-168EEFCB807B}.Debug|Any CPU.ActiveCfg = Debug|Any CPU
		{2EE3D920-DAF1-4EA2-A83A-168EEFCB807B}.Debug|Any CPU.Build.0 = Debug|Any CPU
		{2EE3D920-DAF1-4EA2-A83A-168EEFCB807B}.Release|Any CPU.ActiveCfg = Release|Any CPU
		{2EE3D920-DAF1-4EA2-A83A-168EEFCB807B}.Release|Any CPU.Build.0 = Release|Any CPU
	EndGlobalSection
	GlobalSection(SolutionProperties) = preSolution
		HideSolutionNode = FALSE
	EndGlobalSection
	GlobalSection(ExtensibilityGlobals) = postSolution
		SolutionGuid = {A808F457-B8E3-4A4F-94B8-0EE99535B22C}
	EndGlobalSection
EndGlobal
